// !$*UTF8*$!
{
	archiveVersion = 1;
	classes = {
	};
	objectVersion = 56;
	objects = {

/* Begin PBXBuildFile section */
		582371CB2A7A3CD100A7F756 /* MovieAppApp.swift in Sources */ = {isa = PBXBuildFile; fileRef = 582371CA2A7A3CD100A7F756 /* MovieAppApp.swift */; };
		582371CF2A7A3CD200A7F756 /* Assets.xcassets in Resources */ = {isa = PBXBuildFile; fileRef = 582371CE2A7A3CD200A7F756 /* Assets.xcassets */; };
		582371D22A7A3CD200A7F756 /* Preview Assets.xcassets in Resources */ = {isa = PBXBuildFile; fileRef = 582371D12A7A3CD200A7F756 /* Preview Assets.xcassets */; };
		582371DC2A7A3CD200A7F756 /* MovieAppTests.swift in Sources */ = {isa = PBXBuildFile; fileRef = 582371DB2A7A3CD200A7F756 /* MovieAppTests.swift */; };
		582371E62A7A3CD200A7F756 /* MovieAppUITests.swift in Sources */ = {isa = PBXBuildFile; fileRef = 582371E52A7A3CD200A7F756 /* MovieAppUITests.swift */; };
		582371E82A7A3CD200A7F756 /* MovieAppUITestsLaunchTests.swift in Sources */ = {isa = PBXBuildFile; fileRef = 582371E72A7A3CD200A7F756 /* MovieAppUITestsLaunchTests.swift */; };
		582372002A7A3DF500A7F756 /* HomeView.swift in Sources */ = {isa = PBXBuildFile; fileRef = 582371FF2A7A3DF500A7F756 /* HomeView.swift */; };
		582372022A7A3EAF00A7F756 /* Movie.swift in Sources */ = {isa = PBXBuildFile; fileRef = 582372012A7A3EAF00A7F756 /* Movie.swift */; };
		582372042A7A7DDD00A7F756 /* RepositoryImpl.swift in Sources */ = {isa = PBXBuildFile; fileRef = 582372032A7A7DDD00A7F756 /* RepositoryImpl.swift */; };
		582372062A7A7DF200A7F756 /* RepositoryProtocol.swift in Sources */ = {isa = PBXBuildFile; fileRef = 582372052A7A7DF200A7F756 /* RepositoryProtocol.swift */; };
		582372082A7A7E4900A7F756 /* RemoteDataSourceImpl.swift in Sources */ = {isa = PBXBuildFile; fileRef = 582372072A7A7E4900A7F756 /* RemoteDataSourceImpl.swift */; };
		5823720A2A7A7E6700A7F756 /* RemoteDataSourceProtocol.swift in Sources */ = {isa = PBXBuildFile; fileRef = 582372092A7A7E6700A7F756 /* RemoteDataSourceProtocol.swift */; };
		5823720C2A7A7EBA00A7F756 /* HomeViewModel.swift in Sources */ = {isa = PBXBuildFile; fileRef = 5823720B2A7A7EBA00A7F756 /* HomeViewModel.swift */; };
		5823720E2A7A859500A7F756 /* Network.swift in Sources */ = {isa = PBXBuildFile; fileRef = 5823720D2A7A859500A7F756 /* Network.swift */; };
		582372102A7B813C00A7F756 /* ExampleData.swift in Sources */ = {isa = PBXBuildFile; fileRef = 5823720F2A7B813C00A7F756 /* ExampleData.swift */; };
		582372122A7CD93700A7F756 /* DetailView.swift in Sources */ = {isa = PBXBuildFile; fileRef = 582372112A7CD93700A7F756 /* DetailView.swift */; };
		582372162A7CEEE200A7F756 /* Actor.swift in Sources */ = {isa = PBXBuildFile; fileRef = 582372152A7CEEE200A7F756 /* Actor.swift */; };
		582372182A7D011000A7F756 /* Platform.swift in Sources */ = {isa = PBXBuildFile; fileRef = 582372172A7D011000A7F756 /* Platform.swift */; };
/* End PBXBuildFile section */

/* Begin PBXContainerItemProxy section */
		582371D82A7A3CD200A7F756 /* PBXContainerItemProxy */ = {
			isa = PBXContainerItemProxy;
			containerPortal = 582371BF2A7A3CD100A7F756 /* Project object */;
			proxyType = 1;
			remoteGlobalIDString = 582371C62A7A3CD100A7F756;
			remoteInfo = MovieApp;
		};
		582371E22A7A3CD200A7F756 /* PBXContainerItemProxy */ = {
			isa = PBXContainerItemProxy;
			containerPortal = 582371BF2A7A3CD100A7F756 /* Project object */;
			proxyType = 1;
			remoteGlobalIDString = 582371C62A7A3CD100A7F756;
			remoteInfo = MovieApp;
		};
/* End PBXContainerItemProxy section */

/* Begin PBXFileReference section */
		582371C72A7A3CD100A7F756 /* MovieApp.app */ = {isa = PBXFileReference; explicitFileType = wrapper.application; includeInIndex = 0; path = MovieApp.app; sourceTree = BUILT_PRODUCTS_DIR; };
		582371CA2A7A3CD100A7F756 /* MovieAppApp.swift */ = {isa = PBXFileReference; lastKnownFileType = sourcecode.swift; path = MovieAppApp.swift; sourceTree = "<group>"; };
		582371CE2A7A3CD200A7F756 /* Assets.xcassets */ = {isa = PBXFileReference; lastKnownFileType = folder.assetcatalog; path = Assets.xcassets; sourceTree = "<group>"; };
		582371D12A7A3CD200A7F756 /* Preview Assets.xcassets */ = {isa = PBXFileReference; lastKnownFileType = folder.assetcatalog; path = "Preview Assets.xcassets"; sourceTree = "<group>"; };
		582371D72A7A3CD200A7F756 /* MovieAppTests.xctest */ = {isa = PBXFileReference; explicitFileType = wrapper.cfbundle; includeInIndex = 0; path = MovieAppTests.xctest; sourceTree = BUILT_PRODUCTS_DIR; };
		582371DB2A7A3CD200A7F756 /* MovieAppTests.swift */ = {isa = PBXFileReference; lastKnownFileType = sourcecode.swift; path = MovieAppTests.swift; sourceTree = "<group>"; };
		582371E12A7A3CD200A7F756 /* MovieAppUITests.xctest */ = {isa = PBXFileReference; explicitFileType = wrapper.cfbundle; includeInIndex = 0; path = MovieAppUITests.xctest; sourceTree = BUILT_PRODUCTS_DIR; };
		582371E52A7A3CD200A7F756 /* MovieAppUITests.swift */ = {isa = PBXFileReference; lastKnownFileType = sourcecode.swift; path = MovieAppUITests.swift; sourceTree = "<group>"; };
		582371E72A7A3CD200A7F756 /* MovieAppUITestsLaunchTests.swift */ = {isa = PBXFileReference; lastKnownFileType = sourcecode.swift; path = MovieAppUITestsLaunchTests.swift; sourceTree = "<group>"; };
		582371FF2A7A3DF500A7F756 /* HomeView.swift */ = {isa = PBXFileReference; lastKnownFileType = sourcecode.swift; path = HomeView.swift; sourceTree = "<group>"; };
		582372012A7A3EAF00A7F756 /* Movie.swift */ = {isa = PBXFileReference; lastKnownFileType = sourcecode.swift; path = Movie.swift; sourceTree = "<group>"; };
		582372032A7A7DDD00A7F756 /* RepositoryImpl.swift */ = {isa = PBXFileReference; lastKnownFileType = sourcecode.swift; path = RepositoryImpl.swift; sourceTree = "<group>"; };
		582372052A7A7DF200A7F756 /* RepositoryProtocol.swift */ = {isa = PBXFileReference; lastKnownFileType = sourcecode.swift; path = RepositoryProtocol.swift; sourceTree = "<group>"; };
		582372072A7A7E4900A7F756 /* RemoteDataSourceImpl.swift */ = {isa = PBXFileReference; lastKnownFileType = sourcecode.swift; path = RemoteDataSourceImpl.swift; sourceTree = "<group>"; };
		582372092A7A7E6700A7F756 /* RemoteDataSourceProtocol.swift */ = {isa = PBXFileReference; lastKnownFileType = sourcecode.swift; path = RemoteDataSourceProtocol.swift; sourceTree = "<group>"; };
		5823720B2A7A7EBA00A7F756 /* HomeViewModel.swift */ = {isa = PBXFileReference; lastKnownFileType = sourcecode.swift; path = HomeViewModel.swift; sourceTree = "<group>"; };
		5823720D2A7A859500A7F756 /* Network.swift */ = {isa = PBXFileReference; lastKnownFileType = sourcecode.swift; path = Network.swift; sourceTree = "<group>"; };
		5823720F2A7B813C00A7F756 /* ExampleData.swift */ = {isa = PBXFileReference; lastKnownFileType = sourcecode.swift; path = ExampleData.swift; sourceTree = "<group>"; };
		582372112A7CD93700A7F756 /* DetailView.swift */ = {isa = PBXFileReference; lastKnownFileType = sourcecode.swift; path = DetailView.swift; sourceTree = "<group>"; };
		582372152A7CEEE200A7F756 /* Actor.swift */ = {isa = PBXFileReference; lastKnownFileType = sourcecode.swift; path = Actor.swift; sourceTree = "<group>"; };
		582372172A7D011000A7F756 /* Platform.swift */ = {isa = PBXFileReference; lastKnownFileType = sourcecode.swift; path = Platform.swift; sourceTree = "<group>"; };
/* End PBXFileReference section */

/* Begin PBXFrameworksBuildPhase section */
		582371C42A7A3CD100A7F756 /* Frameworks */ = {
			isa = PBXFrameworksBuildPhase;
			buildActionMask = 2147483647;
			files = (
			);
			runOnlyForDeploymentPostprocessing = 0;
		};
		582371D42A7A3CD200A7F756 /* Frameworks */ = {
			isa = PBXFrameworksBuildPhase;
			buildActionMask = 2147483647;
			files = (
			);
			runOnlyForDeploymentPostprocessing = 0;
		};
		582371DE2A7A3CD200A7F756 /* Frameworks */ = {
			isa = PBXFrameworksBuildPhase;
			buildActionMask = 2147483647;
			files = (
			);
			runOnlyForDeploymentPostprocessing = 0;
		};
/* End PBXFrameworksBuildPhase section */

/* Begin PBXGroup section */
		582371BE2A7A3CD100A7F756 = {
			isa = PBXGroup;
			children = (
				582371C92A7A3CD100A7F756 /* MovieApp */,
				582371DA2A7A3CD200A7F756 /* MovieAppTests */,
				582371E42A7A3CD200A7F756 /* MovieAppUITests */,
				582371C82A7A3CD100A7F756 /* Products */,
			);
			sourceTree = "<group>";
		};
		582371C82A7A3CD100A7F756 /* Products */ = {
			isa = PBXGroup;
			children = (
				582371C72A7A3CD100A7F756 /* MovieApp.app */,
				582371D72A7A3CD200A7F756 /* MovieAppTests.xctest */,
				582371E12A7A3CD200A7F756 /* MovieAppUITests.xctest */,
			);
			name = Products;
			sourceTree = "<group>";
		};
		582371C92A7A3CD100A7F756 /* MovieApp */ = {
			isa = PBXGroup;
			children = (
				582371F82A7A3D7700A7F756 /* Domain */,
				582371F72A7A3D6A00A7F756 /* App */,
				582371F52A7A3D5C00A7F756 /* Data */,
				582371F42A7A3D4E00A7F756 /* Presentation */,
				582371CE2A7A3CD200A7F756 /* Assets.xcassets */,
				582371D02A7A3CD200A7F756 /* Preview Content */,
			);
			path = MovieApp;
			sourceTree = "<group>";
		};
		582371D02A7A3CD200A7F756 /* Preview Content */ = {
			isa = PBXGroup;
			children = (
				582371D12A7A3CD200A7F756 /* Preview Assets.xcassets */,
				5823720F2A7B813C00A7F756 /* ExampleData.swift */,
			);
			path = "Preview Content";
			sourceTree = "<group>";
		};
		582371DA2A7A3CD200A7F756 /* MovieAppTests */ = {
			isa = PBXGroup;
			children = (
				582371DB2A7A3CD200A7F756 /* MovieAppTests.swift */,
			);
			path = MovieAppTests;
			sourceTree = "<group>";
		};
		582371E42A7A3CD200A7F756 /* MovieAppUITests */ = {
			isa = PBXGroup;
			children = (
				582371E52A7A3CD200A7F756 /* MovieAppUITests.swift */,
				582371E72A7A3CD200A7F756 /* MovieAppUITestsLaunchTests.swift */,
			);
			path = MovieAppUITests;
			sourceTree = "<group>";
		};
		582371F42A7A3D4E00A7F756 /* Presentation */ = {
			isa = PBXGroup;
			children = (
				582371FA2A7A3D8400A7F756 /* Detail */,
				582371F92A7A3D7C00A7F756 /* Home */,
			);
			path = Presentation;
			sourceTree = "<group>";
		};
		582371F52A7A3D5C00A7F756 /* Data */ = {
			isa = PBXGroup;
			children = (
				582371FC2A7A3DAC00A7F756 /* Utils */,
				582371FB2A7A3DA800A7F756 /* Remote */,
				582372032A7A7DDD00A7F756 /* RepositoryImpl.swift */,
			);
			path = Data;
			sourceTree = "<group>";
		};
		582371F72A7A3D6A00A7F756 /* App */ = {
			isa = PBXGroup;
			children = (
				582371CA2A7A3CD100A7F756 /* MovieAppApp.swift */,
			);
			path = App;
			sourceTree = "<group>";
		};
		582371F82A7A3D7700A7F756 /* Domain */ = {
			isa = PBXGroup;
			children = (
				582371FE2A7A3DC200A7F756 /* Model */,
				582371FD2A7A3DBE00A7F756 /* Protocols */,
			);
			path = Domain;
			sourceTree = "<group>";
		};
		582371F92A7A3D7C00A7F756 /* Home */ = {
			isa = PBXGroup;
			children = (
				582371FF2A7A3DF500A7F756 /* HomeView.swift */,
				5823720B2A7A7EBA00A7F756 /* HomeViewModel.swift */,
			);
			path = Home;
			sourceTree = "<group>";
		};
		582371FA2A7A3D8400A7F756 /* Detail */ = {
			isa = PBXGroup;
			children = (
				582372112A7CD93700A7F756 /* DetailView.swift */,
			);
			path = Detail;
			sourceTree = "<group>";
		};
		582371FB2A7A3DA800A7F756 /* Remote */ = {
			isa = PBXGroup;
			children = (
				582372072A7A7E4900A7F756 /* RemoteDataSourceImpl.swift */,
				5823720D2A7A859500A7F756 /* Network.swift */,
			);
			path = Remote;
			sourceTree = "<group>";
		};
		582371FC2A7A3DAC00A7F756 /* Utils */ = {
			isa = PBXGroup;
			children = (
			);
			path = Utils;
			sourceTree = "<group>";
		};
		582371FD2A7A3DBE00A7F756 /* Protocols */ = {
			isa = PBXGroup;
			children = (
				582372052A7A7DF200A7F756 /* RepositoryProtocol.swift */,
				582372092A7A7E6700A7F756 /* RemoteDataSourceProtocol.swift */,
			);
			path = Protocols;
			sourceTree = "<group>";
		};
		582371FE2A7A3DC200A7F756 /* Model */ = {
			isa = PBXGroup;
			children = (
				582372012A7A3EAF00A7F756 /* Movie.swift */,
				582372152A7CEEE200A7F756 /* Actor.swift */,
				582372172A7D011000A7F756 /* Platform.swift */,
			);
			path = Model;
			sourceTree = "<group>";
		};
/* End PBXGroup section */

/* Begin PBXNativeTarget section */
		582371C62A7A3CD100A7F756 /* MovieApp */ = {
			isa = PBXNativeTarget;
			buildConfigurationList = 582371EB2A7A3CD200A7F756 /* Build configuration list for PBXNativeTarget "MovieApp" */;
			buildPhases = (
				582371C32A7A3CD100A7F756 /* Sources */,
				582371C42A7A3CD100A7F756 /* Frameworks */,
				582371C52A7A3CD100A7F756 /* Resources */,
			);
			buildRules = (
			);
			dependencies = (
			);
			name = MovieApp;
			productName = MovieApp;
			productReference = 582371C72A7A3CD100A7F756 /* MovieApp.app */;
			productType = "com.apple.product-type.application";
		};
		582371D62A7A3CD200A7F756 /* MovieAppTests */ = {
			isa = PBXNativeTarget;
			buildConfigurationList = 582371EE2A7A3CD200A7F756 /* Build configuration list for PBXNativeTarget "MovieAppTests" */;
			buildPhases = (
				582371D32A7A3CD200A7F756 /* Sources */,
				582371D42A7A3CD200A7F756 /* Frameworks */,
				582371D52A7A3CD200A7F756 /* Resources */,
			);
			buildRules = (
			);
			dependencies = (
				582371D92A7A3CD200A7F756 /* PBXTargetDependency */,
			);
			name = MovieAppTests;
			productName = MovieAppTests;
			productReference = 582371D72A7A3CD200A7F756 /* MovieAppTests.xctest */;
			productType = "com.apple.product-type.bundle.unit-test";
		};
		582371E02A7A3CD200A7F756 /* MovieAppUITests */ = {
			isa = PBXNativeTarget;
			buildConfigurationList = 582371F12A7A3CD200A7F756 /* Build configuration list for PBXNativeTarget "MovieAppUITests" */;
			buildPhases = (
				582371DD2A7A3CD200A7F756 /* Sources */,
				582371DE2A7A3CD200A7F756 /* Frameworks */,
				582371DF2A7A3CD200A7F756 /* Resources */,
			);
			buildRules = (
			);
			dependencies = (
				582371E32A7A3CD200A7F756 /* PBXTargetDependency */,
			);
			name = MovieAppUITests;
			productName = MovieAppUITests;
			productReference = 582371E12A7A3CD200A7F756 /* MovieAppUITests.xctest */;
			productType = "com.apple.product-type.bundle.ui-testing";
		};
/* End PBXNativeTarget section */

/* Begin PBXProject section */
		582371BF2A7A3CD100A7F756 /* Project object */ = {
			isa = PBXProject;
			attributes = {
				BuildIndependentTargetsInParallel = 1;
				LastSwiftUpdateCheck = 1430;
				LastUpgradeCheck = 1430;
				TargetAttributes = {
					582371C62A7A3CD100A7F756 = {
						CreatedOnToolsVersion = 14.3.1;
					};
					582371D62A7A3CD200A7F756 = {
						CreatedOnToolsVersion = 14.3.1;
						TestTargetID = 582371C62A7A3CD100A7F756;
					};
					582371E02A7A3CD200A7F756 = {
						CreatedOnToolsVersion = 14.3.1;
						TestTargetID = 582371C62A7A3CD100A7F756;
					};
				};
			};
			buildConfigurationList = 582371C22A7A3CD100A7F756 /* Build configuration list for PBXProject "MovieApp" */;
			compatibilityVersion = "Xcode 14.0";
			developmentRegion = en;
			hasScannedForEncodings = 0;
			knownRegions = (
				en,
				Base,
			);
			mainGroup = 582371BE2A7A3CD100A7F756;
			productRefGroup = 582371C82A7A3CD100A7F756 /* Products */;
			projectDirPath = "";
			projectRoot = "";
			targets = (
				582371C62A7A3CD100A7F756 /* MovieApp */,
				582371D62A7A3CD200A7F756 /* MovieAppTests */,
				582371E02A7A3CD200A7F756 /* MovieAppUITests */,
			);
		};
/* End PBXProject section */

/* Begin PBXResourcesBuildPhase section */
		582371C52A7A3CD100A7F756 /* Resources */ = {
			isa = PBXResourcesBuildPhase;
			buildActionMask = 2147483647;
			files = (
				582371D22A7A3CD200A7F756 /* Preview Assets.xcassets in Resources */,
				582371CF2A7A3CD200A7F756 /* Assets.xcassets in Resources */,
			);
			runOnlyForDeploymentPostprocessing = 0;
		};
		582371D52A7A3CD200A7F756 /* Resources */ = {
			isa = PBXResourcesBuildPhase;
			buildActionMask = 2147483647;
			files = (
			);
			runOnlyForDeploymentPostprocessing = 0;
		};
		582371DF2A7A3CD200A7F756 /* Resources */ = {
			isa = PBXResourcesBuildPhase;
			buildActionMask = 2147483647;
			files = (
			);
			runOnlyForDeploymentPostprocessing = 0;
		};
/* End PBXResourcesBuildPhase section */

/* Begin PBXSourcesBuildPhase section */
		582371C32A7A3CD100A7F756 /* Sources */ = {
			isa = PBXSourcesBuildPhase;
			buildActionMask = 2147483647;
			files = (
				582372062A7A7DF200A7F756 /* RepositoryProtocol.swift in Sources */,
				582372002A7A3DF500A7F756 /* HomeView.swift in Sources */,
				5823720A2A7A7E6700A7F756 /* RemoteDataSourceProtocol.swift in Sources */,
				582372182A7D011000A7F756 /* Platform.swift in Sources */,
				582372162A7CEEE200A7F756 /* Actor.swift in Sources */,
				5823720C2A7A7EBA00A7F756 /* HomeViewModel.swift in Sources */,
				582372102A7B813C00A7F756 /* ExampleData.swift in Sources */,
				582372122A7CD93700A7F756 /* DetailView.swift in Sources */,
				582372082A7A7E4900A7F756 /* RemoteDataSourceImpl.swift in Sources */,
				5823720E2A7A859500A7F756 /* Network.swift in Sources */,
				582371CB2A7A3CD100A7F756 /* MovieAppApp.swift in Sources */,
				582372022A7A3EAF00A7F756 /* Movie.swift in Sources */,
				582372042A7A7DDD00A7F756 /* RepositoryImpl.swift in Sources */,
			);
			runOnlyForDeploymentPostprocessing = 0;
		};
		582371D32A7A3CD200A7F756 /* Sources */ = {
			isa = PBXSourcesBuildPhase;
			buildActionMask = 2147483647;
			files = (
				582371DC2A7A3CD200A7F756 /* MovieAppTests.swift in Sources */,
			);
			runOnlyForDeploymentPostprocessing = 0;
		};
		582371DD2A7A3CD200A7F756 /* Sources */ = {
			isa = PBXSourcesBuildPhase;
			buildActionMask = 2147483647;
			files = (
				582371E82A7A3CD200A7F756 /* MovieAppUITestsLaunchTests.swift in Sources */,
				582371E62A7A3CD200A7F756 /* MovieAppUITests.swift in Sources */,
			);
			runOnlyForDeploymentPostprocessing = 0;
		};
/* End PBXSourcesBuildPhase section */

/* Begin PBXTargetDependency section */
		582371D92A7A3CD200A7F756 /* PBXTargetDependency */ = {
			isa = PBXTargetDependency;
			target = 582371C62A7A3CD100A7F756 /* MovieApp */;
			targetProxy = 582371D82A7A3CD200A7F756 /* PBXContainerItemProxy */;
		};
		582371E32A7A3CD200A7F756 /* PBXTargetDependency */ = {
			isa = PBXTargetDependency;
			target = 582371C62A7A3CD100A7F756 /* MovieApp */;
			targetProxy = 582371E22A7A3CD200A7F756 /* PBXContainerItemProxy */;
		};
/* End PBXTargetDependency section */

/* Begin XCBuildConfiguration section */
		582371E92A7A3CD200A7F756 /* Debug */ = {
			isa = XCBuildConfiguration;
			buildSettings = {
				ALWAYS_SEARCH_USER_PATHS = NO;
				CLANG_ANALYZER_NONNULL = YES;
				CLANG_ANALYZER_NUMBER_OBJECT_CONVERSION = YES_AGGRESSIVE;
				CLANG_CXX_LANGUAGE_STANDARD = "gnu++20";
				CLANG_ENABLE_MODULES = YES;
				CLANG_ENABLE_OBJC_ARC = YES;
				CLANG_ENABLE_OBJC_WEAK = YES;
				CLANG_WARN_BLOCK_CAPTURE_AUTORELEASING = YES;
				CLANG_WARN_BOOL_CONVERSION = YES;
				CLANG_WARN_COMMA = YES;
				CLANG_WARN_CONSTANT_CONVERSION = YES;
				CLANG_WARN_DEPRECATED_OBJC_IMPLEMENTATIONS = YES;
				CLANG_WARN_DIRECT_OBJC_ISA_USAGE = YES_ERROR;
				CLANG_WARN_DOCUMENTATION_COMMENTS = YES;
				CLANG_WARN_EMPTY_BODY = YES;
				CLANG_WARN_ENUM_CONVERSION = YES;
				CLANG_WARN_INFINITE_RECURSION = YES;
				CLANG_WARN_INT_CONVERSION = YES;
				CLANG_WARN_NON_LITERAL_NULL_CONVERSION = YES;
				CLANG_WARN_OBJC_IMPLICIT_RETAIN_SELF = YES;
				CLANG_WARN_OBJC_LITERAL_CONVERSION = YES;
				CLANG_WARN_OBJC_ROOT_CLASS = YES_ERROR;
				CLANG_WARN_QUOTED_INCLUDE_IN_FRAMEWORK_HEADER = YES;
				CLANG_WARN_RANGE_LOOP_ANALYSIS = YES;
				CLANG_WARN_STRICT_PROTOTYPES = YES;
				CLANG_WARN_SUSPICIOUS_MOVE = YES;
				CLANG_WARN_UNGUARDED_AVAILABILITY = YES_AGGRESSIVE;
				CLANG_WARN_UNREACHABLE_CODE = YES;
				CLANG_WARN__DUPLICATE_METHOD_MATCH = YES;
				COPY_PHASE_STRIP = NO;
				DEBUG_INFORMATION_FORMAT = dwarf;
				ENABLE_STRICT_OBJC_MSGSEND = YES;
				ENABLE_TESTABILITY = YES;
				GCC_C_LANGUAGE_STANDARD = gnu11;
				GCC_DYNAMIC_NO_PIC = NO;
				GCC_NO_COMMON_BLOCKS = YES;
				GCC_OPTIMIZATION_LEVEL = 0;
				GCC_PREPROCESSOR_DEFINITIONS = (
					"DEBUG=1",
					"$(inherited)",
				);
				GCC_WARN_64_TO_32_BIT_CONVERSION = YES;
				GCC_WARN_ABOUT_RETURN_TYPE = YES_ERROR;
				GCC_WARN_UNDECLARED_SELECTOR = YES;
				GCC_WARN_UNINITIALIZED_AUTOS = YES_AGGRESSIVE;
				GCC_WARN_UNUSED_FUNCTION = YES;
				GCC_WARN_UNUSED_VARIABLE = YES;
				IPHONEOS_DEPLOYMENT_TARGET = 16.0;
				MTL_ENABLE_DEBUG_INFO = INCLUDE_SOURCE;
				MTL_FAST_MATH = YES;
				ONLY_ACTIVE_ARCH = YES;
				SDKROOT = iphoneos;
				SWIFT_ACTIVE_COMPILATION_CONDITIONS = DEBUG;
				SWIFT_OPTIMIZATION_LEVEL = "-Onone";
			};
			name = Debug;
		};
		582371EA2A7A3CD200A7F756 /* Release */ = {
			isa = XCBuildConfiguration;
			buildSettings = {
				ALWAYS_SEARCH_USER_PATHS = NO;
				CLANG_ANALYZER_NONNULL = YES;
				CLANG_ANALYZER_NUMBER_OBJECT_CONVERSION = YES_AGGRESSIVE;
				CLANG_CXX_LANGUAGE_STANDARD = "gnu++20";
				CLANG_ENABLE_MODULES = YES;
				CLANG_ENABLE_OBJC_ARC = YES;
				CLANG_ENABLE_OBJC_WEAK = YES;
				CLANG_WARN_BLOCK_CAPTURE_AUTORELEASING = YES;
				CLANG_WARN_BOOL_CONVERSION = YES;
				CLANG_WARN_COMMA = YES;
				CLANG_WARN_CONSTANT_CONVERSION = YES;
				CLANG_WARN_DEPRECATED_OBJC_IMPLEMENTATIONS = YES;
				CLANG_WARN_DIRECT_OBJC_ISA_USAGE = YES_ERROR;
				CLANG_WARN_DOCUMENTATION_COMMENTS = YES;
				CLANG_WARN_EMPTY_BODY = YES;
				CLANG_WARN_ENUM_CONVERSION = YES;
				CLANG_WARN_INFINITE_RECURSION = YES;
				CLANG_WARN_INT_CONVERSION = YES;
				CLANG_WARN_NON_LITERAL_NULL_CONVERSION = YES;
				CLANG_WARN_OBJC_IMPLICIT_RETAIN_SELF = YES;
				CLANG_WARN_OBJC_LITERAL_CONVERSION = YES;
				CLANG_WARN_OBJC_ROOT_CLASS = YES_ERROR;
				CLANG_WARN_QUOTED_INCLUDE_IN_FRAMEWORK_HEADER = YES;
				CLANG_WARN_RANGE_LOOP_ANALYSIS = YES;
				CLANG_WARN_STRICT_PROTOTYPES = YES;
				CLANG_WARN_SUSPICIOUS_MOVE = YES;
				CLANG_WARN_UNGUARDED_AVAILABILITY = YES_AGGRESSIVE;
				CLANG_WARN_UNREACHABLE_CODE = YES;
				CLANG_WARN__DUPLICATE_METHOD_MATCH = YES;
				COPY_PHASE_STRIP = NO;
				DEBUG_INFORMATION_FORMAT = "dwarf-with-dsym";
				ENABLE_NS_ASSERTIONS = NO;
				ENABLE_STRICT_OBJC_MSGSEND = YES;
				GCC_C_LANGUAGE_STANDARD = gnu11;
				GCC_NO_COMMON_BLOCKS = YES;
				GCC_WARN_64_TO_32_BIT_CONVERSION = YES;
				GCC_WARN_ABOUT_RETURN_TYPE = YES_ERROR;
				GCC_WARN_UNDECLARED_SELECTOR = YES;
				GCC_WARN_UNINITIALIZED_AUTOS = YES_AGGRESSIVE;
				GCC_WARN_UNUSED_FUNCTION = YES;
				GCC_WARN_UNUSED_VARIABLE = YES;
				IPHONEOS_DEPLOYMENT_TARGET = 16.0;
				MTL_ENABLE_DEBUG_INFO = NO;
				MTL_FAST_MATH = YES;
				SDKROOT = iphoneos;
				SWIFT_COMPILATION_MODE = wholemodule;
				SWIFT_OPTIMIZATION_LEVEL = "-O";
				VALIDATE_PRODUCT = YES;
			};
			name = Release;
		};
		582371EC2A7A3CD200A7F756 /* Debug */ = {
			isa = XCBuildConfiguration;
			buildSettings = {
				ASSETCATALOG_COMPILER_APPICON_NAME = AppIcon;
				ASSETCATALOG_COMPILER_GLOBAL_ACCENT_COLOR_NAME = AccentColor;
				CODE_SIGN_STYLE = Automatic;
				CURRENT_PROJECT_VERSION = 1;
				DEVELOPMENT_ASSET_PATHS = "\"MovieApp/Preview Content\"";
				ENABLE_PREVIEWS = YES;
				GENERATE_INFOPLIST_FILE = YES;
				INFOPLIST_KEY_UIApplicationSceneManifest_Generation = YES;
				INFOPLIST_KEY_UIApplicationSupportsIndirectInputEvents = YES;
				INFOPLIST_KEY_UILaunchScreen_Generation = YES;
				INFOPLIST_KEY_UISupportedInterfaceOrientations_iPad = "UIInterfaceOrientationPortrait UIInterfaceOrientationPortraitUpsideDown UIInterfaceOrientationLandscapeLeft UIInterfaceOrientationLandscapeRight";
				INFOPLIST_KEY_UISupportedInterfaceOrientations_iPhone = "UIInterfaceOrientationPortrait UIInterfaceOrientationLandscapeLeft UIInterfaceOrientationLandscapeRight";
				IPHONEOS_DEPLOYMENT_TARGET = 16.0;
				LD_RUNPATH_SEARCH_PATHS = (
					"$(inherited)",
					"@executable_path/Frameworks",
				);
				MARKETING_VERSION = 1.0;
				PRODUCT_BUNDLE_IDENTIFIER = com.pablogomez.MovieApp;
				PRODUCT_NAME = "$(TARGET_NAME)";
				SWIFT_EMIT_LOC_STRINGS = YES;
				SWIFT_VERSION = 5.0;
				TARGETED_DEVICE_FAMILY = "1,2";
			};
			name = Debug;
		};
		582371ED2A7A3CD200A7F756 /* Release */ = {
			isa = XCBuildConfiguration;
			buildSettings = {
				ASSETCATALOG_COMPILER_APPICON_NAME = AppIcon;
				ASSETCATALOG_COMPILER_GLOBAL_ACCENT_COLOR_NAME = AccentColor;
				CODE_SIGN_STYLE = Automatic;
				CURRENT_PROJECT_VERSION = 1;
				DEVELOPMENT_ASSET_PATHS = "\"MovieApp/Preview Content\"";
				ENABLE_PREVIEWS = YES;
				GENERATE_INFOPLIST_FILE = YES;
				INFOPLIST_KEY_UIApplicationSceneManifest_Generation = YES;
				INFOPLIST_KEY_UIApplicationSupportsIndirectInputEvents = YES;
				INFOPLIST_KEY_UILaunchScreen_Generation = YES;
				INFOPLIST_KEY_UISupportedInterfaceOrientations_iPad = "UIInterfaceOrientationPortrait UIInterfaceOrientationPortraitUpsideDown UIInterfaceOrientationLandscapeLeft UIInterfaceOrientationLandscapeRight";
				INFOPLIST_KEY_UISupportedInterfaceOrientations_iPhone = "UIInterfaceOrientationPortrait UIInterfaceOrientationLandscapeLeft UIInterfaceOrientationLandscapeRight";
				IPHONEOS_DEPLOYMENT_TARGET = 16.0;
				LD_RUNPATH_SEARCH_PATHS = (
					"$(inherited)",
					"@executable_path/Frameworks",
				);
				MARKETING_VERSION = 1.0;
				PRODUCT_BUNDLE_IDENTIFIER = com.pablogomez.MovieApp;
				PRODUCT_NAME = "$(TARGET_NAME)";
				SWIFT_EMIT_LOC_STRINGS = YES;
				SWIFT_VERSION = 5.0;
				TARGETED_DEVICE_FAMILY = "1,2";
			};
			name = Release;
		};
		582371EF2A7A3CD200A7F756 /* Debug */ = {
			isa = XCBuildConfiguration;
			buildSettings = {
				ALWAYS_EMBED_SWIFT_STANDARD_LIBRARIES = YES;
				BUNDLE_LOADER = "$(TEST_HOST)";
				CODE_SIGN_STYLE = Automatic;
				CURRENT_PROJECT_VERSION = 1;
				GENERATE_INFOPLIST_FILE = YES;
				IPHONEOS_DEPLOYMENT_TARGET = 16.0;
				MARKETING_VERSION = 1.0;
				PRODUCT_BUNDLE_IDENTIFIER = com.pablogomez.MovieAppTests;
				PRODUCT_NAME = "$(TARGET_NAME)";
				SWIFT_EMIT_LOC_STRINGS = NO;
				SWIFT_VERSION = 5.0;
				TARGETED_DEVICE_FAMILY = "1,2";
				TEST_HOST = "$(BUILT_PRODUCTS_DIR)/MovieApp.app/$(BUNDLE_EXECUTABLE_FOLDER_PATH)/MovieApp";
			};
			name = Debug;
		};
		582371F02A7A3CD200A7F756 /* Release */ = {
			isa = XCBuildConfiguration;
			buildSettings = {
				ALWAYS_EMBED_SWIFT_STANDARD_LIBRARIES = YES;
				BUNDLE_LOADER = "$(TEST_HOST)";
				CODE_SIGN_STYLE = Automatic;
				CURRENT_PROJECT_VERSION = 1;
				GENERATE_INFOPLIST_FILE = YES;
				IPHONEOS_DEPLOYMENT_TARGET = 16.0;
				MARKETING_VERSION = 1.0;
				PRODUCT_BUNDLE_IDENTIFIER = com.pablogomez.MovieAppTests;
				PRODUCT_NAME = "$(TARGET_NAME)";
				SWIFT_EMIT_LOC_STRINGS = NO;
				SWIFT_VERSION = 5.0;
				TARGETED_DEVICE_FAMILY = "1,2";
				TEST_HOST = "$(BUILT_PRODUCTS_DIR)/MovieApp.app/$(BUNDLE_EXECUTABLE_FOLDER_PATH)/MovieApp";
			};
			name = Release;
		};
		582371F22A7A3CD200A7F756 /* Debug */ = {
			isa = XCBuildConfiguration;
			buildSettings = {
				ALWAYS_EMBED_SWIFT_STANDARD_LIBRARIES = YES;
				CODE_SIGN_STYLE = Automatic;
				CURRENT_PROJECT_VERSION = 1;
				GENERATE_INFOPLIST_FILE = YES;
				MARKETING_VERSION = 1.0;
				PRODUCT_BUNDLE_IDENTIFIER = com.pablogomez.MovieAppUITests;
				PRODUCT_NAME = "$(TARGET_NAME)";
				SWIFT_EMIT_LOC_STRINGS = NO;
				SWIFT_VERSION = 5.0;
				TARGETED_DEVICE_FAMILY = "1,2";
				TEST_TARGET_NAME = MovieApp;
			};
			name = Debug;
		};
		582371F32A7A3CD200A7F756 /* Release */ = {
			isa = XCBuildConfiguration;
			buildSettings = {
				ALWAYS_EMBED_SWIFT_STANDARD_LIBRARIES = YES;
				CODE_SIGN_STYLE = Automatic;
				CURRENT_PROJECT_VERSION = 1;
				GENERATE_INFOPLIST_FILE = YES;
				MARKETING_VERSION = 1.0;
				PRODUCT_BUNDLE_IDENTIFIER = com.pablogomez.MovieAppUITests;
				PRODUCT_NAME = "$(TARGET_NAME)";
				SWIFT_EMIT_LOC_STRINGS = NO;
				SWIFT_VERSION = 5.0;
				TARGETED_DEVICE_FAMILY = "1,2";
				TEST_TARGET_NAME = MovieApp;
			};
			name = Release;
		};
/* End XCBuildConfiguration section */

/* Begin XCConfigurationList section */
		582371C22A7A3CD100A7F756 /* Build configuration list for PBXProject "MovieApp" */ = {
			isa = XCConfigurationList;
			buildConfigurations = (
				582371E92A7A3CD200A7F756 /* Debug */,
				582371EA2A7A3CD200A7F756 /* Release */,
			);
			defaultConfigurationIsVisible = 0;
			defaultConfigurationName = Release;
		};
		582371EB2A7A3CD200A7F756 /* Build configuration list for PBXNativeTarget "MovieApp" */ = {
			isa = XCConfigurationList;
			buildConfigurations = (
				582371EC2A7A3CD200A7F756 /* Debug */,
				582371ED2A7A3CD200A7F756 /* Release */,
			);
			defaultConfigurationIsVisible = 0;
			defaultConfigurationName = Release;
		};
		582371EE2A7A3CD200A7F756 /* Build configuration list for PBXNativeTarget "MovieAppTests" */ = {
			isa = XCConfigurationList;
			buildConfigurations = (
				582371EF2A7A3CD200A7F756 /* Debug */,
				582371F02A7A3CD200A7F756 /* Release */,
			);
			defaultConfigurationIsVisible = 0;
			defaultConfigurationName = Release;
		};
		582371F12A7A3CD200A7F756 /* Build configuration list for PBXNativeTarget "MovieAppUITests" */ = {
			isa = XCConfigurationList;
			buildConfigurations = (
				582371F22A7A3CD200A7F756 /* Debug */,
				582371F32A7A3CD200A7F756 /* Release */,
			);
			defaultConfigurationIsVisible = 0;
			defaultConfigurationName = Release;
		};
/* End XCConfigurationList section */
	};
	rootObject = 582371BF2A7A3CD100A7F756 /* Project object */;
}
